// !$*UTF8*$!
{
	archiveVersion = 1;
	classes = {
	};
	objectVersion = 55;
	objects = {

/* Begin PBXBuildFile section */
		BEB4EB5B27B8197B00B98792 /* CustomeCorner.swift in Sources */ = {isa = PBXBuildFile; fileRef = BEB4EB5A27B8197B00B98792 /* CustomeCorner.swift */; };
		BEB4EB5E27B81ABC00B98792 /* OffsetModifier.swift in Sources */ = {isa = PBXBuildFile; fileRef = BEB4EB5D27B81ABC00B98792 /* OffsetModifier.swift */; };
		BEB4EB6027B820AC00B98792 /* Message.swift in Sources */ = {isa = PBXBuildFile; fileRef = BEB4EB5F27B820AC00B98792 /* Message.swift */; };
		BEEBCFF527B8147F0040842B /* ColapsableHeaderApp.swift in Sources */ = {isa = PBXBuildFile; fileRef = BEEBCFF427B8147F0040842B /* ColapsableHeaderApp.swift */; };
		BEEBCFF727B8147F0040842B /* ContentView.swift in Sources */ = {isa = PBXBuildFile; fileRef = BEEBCFF627B8147F0040842B /* ContentView.swift */; };
		BEEBCFF927B814810040842B /* Assets.xcassets in Resources */ = {isa = PBXBuildFile; fileRef = BEEBCFF827B814810040842B /* Assets.xcassets */; };
		BEEBCFFC27B814810040842B /* Preview Assets.xcassets in Resources */ = {isa = PBXBuildFile; fileRef = BEEBCFFB27B814810040842B /* Preview Assets.xcassets */; };
		BEEBD00627B814BC0040842B /* Home.swift in Sources */ = {isa = PBXBuildFile; fileRef = BEEBD00527B814BC0040842B /* Home.swift */; };
/* End PBXBuildFile section */

/* Begin PBXFileReference section */
		BEB4EB5A27B8197B00B98792 /* CustomeCorner.swift */ = {isa = PBXFileReference; lastKnownFileType = sourcecode.swift; path = CustomeCorner.swift; sourceTree = "<group>"; };
		BEB4EB5D27B81ABC00B98792 /* OffsetModifier.swift */ = {isa = PBXFileReference; lastKnownFileType = sourcecode.swift; path = OffsetModifier.swift; sourceTree = "<group>"; };
		BEB4EB5F27B820AC00B98792 /* Message.swift */ = {isa = PBXFileReference; lastKnownFileType = sourcecode.swift; path = Message.swift; sourceTree = "<group>"; };
		BEEBCFF127B8147F0040842B /* ColapsableHeader.app */ = {isa = PBXFileReference; explicitFileType = wrapper.application; includeInIndex = 0; path = ColapsableHeader.app; sourceTree = BUILT_PRODUCTS_DIR; };
		BEEBCFF427B8147F0040842B /* ColapsableHeaderApp.swift */ = {isa = PBXFileReference; lastKnownFileType = sourcecode.swift; path = ColapsableHeaderApp.swift; sourceTree = "<group>"; };
		BEEBCFF627B8147F0040842B /* ContentView.swift */ = {isa = PBXFileReference; lastKnownFileType = sourcecode.swift; path = ContentView.swift; sourceTree = "<group>"; };
		BEEBCFF827B814810040842B /* Assets.xcassets */ = {isa = PBXFileReference; lastKnownFileType = folder.assetcatalog; path = Assets.xcassets; sourceTree = "<group>"; };
		BEEBCFFB27B814810040842B /* Preview Assets.xcassets */ = {isa = PBXFileReference; lastKnownFileType = folder.assetcatalog; path = "Preview Assets.xcassets"; sourceTree = "<group>"; };
		BEEBD00527B814BC0040842B /* Home.swift */ = {isa = PBXFileReference; lastKnownFileType = sourcecode.swift; path = Home.swift; sourceTree = "<group>"; };
/* End PBXFileReference section */

/* Begin PBXFrameworksBuildPhase section */
		BEEBCFEE27B8147F0040842B /* Frameworks */ = {
			isa = PBXFrameworksBuildPhase;
			buildActionMask = 2147483647;
			files = (
			);
			runOnlyForDeploymentPostprocessing = 0;
		};
/* End PBXFrameworksBuildPhase section */

/* Begin PBXGroup section */
		BEB4EB5C27B81A9E00B98792 /* Modifiers */ = {
			isa = PBXGroup;
			children = (
				BEB4EB5D27B81ABC00B98792 /* OffsetModifier.swift */,
			);
			path = Modifiers;
			sourceTree = "<group>";
		};
		BEEBCFE827B8147E0040842B = {
			isa = PBXGroup;
			children = (
				BEEBCFF327B8147F0040842B /* ColapsableHeader */,
				BEEBCFF227B8147F0040842B /* Products */,
			);
			sourceTree = "<group>";
		};
		BEEBCFF227B8147F0040842B /* Products */ = {
			isa = PBXGroup;
			children = (
				BEEBCFF127B8147F0040842B /* ColapsableHeader.app */,
			);
			name = Products;
			sourceTree = "<group>";
		};
		BEEBCFF327B8147F0040842B /* ColapsableHeader */ = {
			isa = PBXGroup;
			children = (
				BEB4EB5C27B81A9E00B98792 /* Modifiers */,
				BEEBD00427B814AD0040842B /* ViewModel */,
				BEEBD00327B814A40040842B /* View */,
				BEEBD00227B814980040842B /* Model */,
				BEEBCFF427B8147F0040842B /* ColapsableHeaderApp.swift */,
				BEEBCFF627B8147F0040842B /* ContentView.swift */,
				BEEBCFF827B814810040842B /* Assets.xcassets */,
				BEEBCFFA27B814810040842B /* Preview Content */,
			);
			path = ColapsableHeader;
			sourceTree = "<group>";
		};
		BEEBCFFA27B814810040842B /* Preview Content */ = {
			isa = PBXGroup;
			children = (
				BEEBCFFB27B814810040842B /* Preview Assets.xcassets */,
			);
			path = "Preview Content";
			sourceTree = "<group>";
		};
		BEEBD00227B814980040842B /* Model */ = {
			isa = PBXGroup;
			children = (
				BEB4EB5F27B820AC00B98792 /* Message.swift */,
			);
			path = Model;
			sourceTree = "<group>";
		};
		BEEBD00327B814A40040842B /* View */ = {
			isa = PBXGroup;
			children = (
				BEEBD00527B814BC0040842B /* Home.swift */,
				BEB4EB5A27B8197B00B98792 /* CustomeCorner.swift */,
			);
			path = View;
			sourceTree = "<group>";
		};
		BEEBD00427B814AD0040842B /* ViewModel */ = {
			isa = PBXGroup;
			children = (
			);
			path = ViewModel;
			sourceTree = "<group>";
		};
/* End PBXGroup section */

/* Begin PBXNativeTarget section */
		BEEBCFF027B8147F0040842B /* ColapsableHeader */ = {
			isa = PBXNativeTarget;
			buildConfigurationList = BEEBCFFF27B814810040842B /* Build configuration list for PBXNativeTarget "ColapsableHeader" */;
			buildPhases = (
				BEEBCFED27B8147F0040842B /* Sources */,
				BEEBCFEE27B8147F0040842B /* Frameworks */,
				BEEBCFEF27B8147F0040842B /* Resources */,
			);
			buildRules = (
			);
			dependencies = (
			);
			name = ColapsableHeader;
			productName = ColapsableHeader;
			productReference = BEEBCFF127B8147F0040842B /* ColapsableHeader.app */;
			productType = "com.apple.product-type.application";
		};
/* End PBXNativeTarget section */

/* Begin PBXProject section */
		BEEBCFE927B8147E0040842B /* Project object */ = {
			isa = PBXProject;
			attributes = {
				BuildIndependentTargetsInParallel = 1;
				LastSwiftUpdateCheck = 1320;
				LastUpgradeCheck = 1320;
				TargetAttributes = {
					BEEBCFF027B8147F0040842B = {
						CreatedOnToolsVersion = 13.2.1;
					};
				};
			};
			buildConfigurationList = BEEBCFEC27B8147E0040842B /* Build configuration list for PBXProject "ColapsableHeader" */;
			compatibilityVersion = "Xcode 13.0";
			developmentRegion = en;
			hasScannedForEncodings = 0;
			knownRegions = (
				en,
				Base,
			);
			mainGroup = BEEBCFE827B8147E0040842B;
			productRefGroup = BEEBCFF227B8147F0040842B /* Products */;
			projectDirPath = "";
			projectRoot = "";
			targets = (
				BEEBCFF027B8147F0040842B /* ColapsableHeader */,
			);
		};
/* End PBXProject section */

/* Begin PBXResourcesBuildPhase section */
		BEEBCFEF27B8147F0040842B /* Resources */ = {
			isa = PBXResourcesBuildPhase;
			buildActionMask = 2147483647;
			files = (
				BEEBCFFC27B814810040842B /* Preview Assets.xcassets in Resources */,
				BEEBCFF927B814810040842B /* Assets.xcassets in Resources */,
			);
			runOnlyForDeploymentPostprocessing = 0;
		};
/* End PBXResourcesBuildPhase section */

/* Begin PBXSourcesBuildPhase section */
		BEEBCFED27B8147F0040842B /* Sources */ = {
			isa = PBXSourcesBuildPhase;
			buildActionMask = 2147483647;
			files = (
				BEEBCFF727B8147F0040842B /* ContentView.swift in Sources */,
				BEEBD00627B814BC0040842B /* Home.swift in Sources */,
				BEB4EB5E27B81ABC00B98792 /* OffsetModifier.swift in Sources */,
				BEB4EB6027B820AC00B98792 /* Message.swift in Sources */,
				BEEBCFF527B8147F0040842B /* ColapsableHeaderApp.swift in Sources */,
				BEB4EB5B27B8197B00B98792 /* CustomeCorner.swift in Sources */,
			);
			runOnlyForDeploymentPostprocessing = 0;
		};
/* End PBXSourcesBuildPhase section */

/* Begin XCBuildConfiguration section */
		BEEBCFFD27B814810040842B /* Debug */ = {
			isa = XCBuildConfiguration;
			buildSettings = {
				ALWAYS_SEARCH_USER_PATHS = NO;
				CLANG_ANALYZER_NONNULL = YES;
				CLANG_ANALYZER_NUMBER_OBJECT_CONVERSION = YES_AGGRESSIVE;
				CLANG_CXX_LANGUAGE_STANDARD = "gnu++17";
				CLANG_CXX_LIBRARY = "libc++";
				CLANG_ENABLE_MODULES = YES;
				CLANG_ENABLE_OBJC_ARC = YES;
				CLANG_ENABLE_OBJC_WEAK = YES;
				CLANG_WARN_BLOCK_CAPTURE_AUTORELEASING = YES;
				CLANG_WARN_BOOL_CONVERSION = YES;
				CLANG_WARN_COMMA = YES;
				CLANG_WARN_CONSTANT_CONVERSION = YES;
				CLANG_WARN_DEPRECATED_OBJC_IMPLEMENTATIONS = YES;
				CLANG_WARN_DIRECT_OBJC_ISA_USAGE = YES_ERROR;
				CLANG_WARN_DOCUMENTATION_COMMENTS = YES;
				CLANG_WARN_EMPTY_BODY = YES;
				CLANG_WARN_ENUM_CONVERSION = YES;
				CLANG_WARN_INFINITE_RECURSION = YES;
				CLANG_WARN_INT_CONVERSION = YES;
				CLANG_WARN_NON_LITERAL_NULL_CONVERSION = YES;
				CLANG_WARN_OBJC_IMPLICIT_RETAIN_SELF = YES;
				CLANG_WARN_OBJC_LITERAL_CONVERSION = YES;
				CLANG_WARN_OBJC_ROOT_CLASS = YES_ERROR;
				CLANG_WARN_QUOTED_INCLUDE_IN_FRAMEWORK_HEADER = YES;
				CLANG_WARN_RANGE_LOOP_ANALYSIS = YES;
				CLANG_WARN_STRICT_PROTOTYPES = YES;
				CLANG_WARN_SUSPICIOUS_MOVE = YES;
				CLANG_WARN_UNGUARDED_AVAILABILITY = YES_AGGRESSIVE;
				CLANG_WARN_UNREACHABLE_CODE = YES;
				CLANG_WARN__DUPLICATE_METHOD_MATCH = YES;
				COPY_PHASE_STRIP = NO;
				DEBUG_INFORMATION_FORMAT = dwarf;
				ENABLE_STRICT_OBJC_MSGSEND = YES;
				ENABLE_TESTABILITY = YES;
				GCC_C_LANGUAGE_STANDARD = gnu11;
				GCC_DYNAMIC_NO_PIC = NO;
				GCC_NO_COMMON_BLOCKS = YES;
				GCC_OPTIMIZATION_LEVEL = 0;
				GCC_PREPROCESSOR_DEFINITIONS = (
					"DEBUG=1",
					"$(inherited)",
				);
				GCC_WARN_64_TO_32_BIT_CONVERSION = YES;
				GCC_WARN_ABOUT_RETURN_TYPE = YES_ERROR;
				GCC_WARN_UNDECLARED_SELECTOR = YES;
				GCC_WARN_UNINITIALIZED_AUTOS = YES_AGGRESSIVE;
				GCC_WARN_UNUSED_FUNCTION = YES;
				GCC_WARN_UNUSED_VARIABLE = YES;
				IPHONEOS_DEPLOYMENT_TARGET = 15.2;
				MTL_ENABLE_DEBUG_INFO = INCLUDE_SOURCE;
				MTL_FAST_MATH = YES;
				ONLY_ACTIVE_ARCH = YES;
				SDKROOT = iphoneos;
				SWIFT_ACTIVE_COMPILATION_CONDITIONS = DEBUG;
				SWIFT_OPTIMIZATION_LEVEL = "-Onone";
			};
			name = Debug;
		};
		BEEBCFFE27B814810040842B /* Release */ = {
			isa = XCBuildConfiguration;
			buildSettings = {
				ALWAYS_SEARCH_USER_PATHS = NO;
				CLANG_ANALYZER_NONNULL = YES;
				CLANG_ANALYZER_NUMBER_OBJECT_CONVERSION = YES_AGGRESSIVE;
				CLANG_CXX_LANGUAGE_STANDARD = "gnu++17";
				CLANG_CXX_LIBRARY = "libc++";
				CLANG_ENABLE_MODULES = YES;
				CLANG_ENABLE_OBJC_ARC = YES;
				CLANG_ENABLE_OBJC_WEAK = YES;
				CLANG_WARN_BLOCK_CAPTURE_AUTORELEASING = YES;
				CLANG_WARN_BOOL_CONVERSION = YES;
				CLANG_WARN_COMMA = YES;
				CLANG_WARN_CONSTANT_CONVERSION = YES;
				CLANG_WARN_DEPRECATED_OBJC_IMPLEMENTATIONS = YES;
				CLANG_WARN_DIRECT_OBJC_ISA_USAGE = YES_ERROR;
				CLANG_WARN_DOCUMENTATION_COMMENTS = YES;
				CLANG_WARN_EMPTY_BODY = YES;
				CLANG_WARN_ENUM_CONVERSION = YES;
				CLANG_WARN_INFINITE_RECURSION = YES;
				CLANG_WARN_INT_CONVERSION = YES;
				CLANG_WARN_NON_LITERAL_NULL_CONVERSION = YES;
				CLANG_WARN_OBJC_IMPLICIT_RETAIN_SELF = YES;
				CLANG_WARN_OBJC_LITERAL_CONVERSION = YES;
				CLANG_WARN_OBJC_ROOT_CLASS = YES_ERROR;
				CLANG_WARN_QUOTED_INCLUDE_IN_FRAMEWORK_HEADER = YES;
				CLANG_WARN_RANGE_LOOP_ANALYSIS = YES;
				CLANG_WARN_STRICT_PROTOTYPES = YES;
				CLANG_WARN_SUSPICIOUS_MOVE = YES;
				CLANG_WARN_UNGUARDED_AVAILABILITY = YES_AGGRESSIVE;
				CLANG_WARN_UNREACHABLE_CODE = YES;
				CLANG_WARN__DUPLICATE_METHOD_MATCH = YES;
				COPY_PHASE_STRIP = NO;
				DEBUG_INFORMATION_FORMAT = "dwarf-with-dsym";
				ENABLE_NS_ASSERTIONS = NO;
				ENABLE_STRICT_OBJC_MSGSEND = YES;
				GCC_C_LANGUAGE_STANDARD = gnu11;
				GCC_NO_COMMON_BLOCKS = YES;
				GCC_WARN_64_TO_32_BIT_CONVERSION = YES;
				GCC_WARN_ABOUT_RETURN_TYPE = YES_ERROR;
				GCC_WARN_UNDECLARED_SELECTOR = YES;
				GCC_WARN_UNINITIALIZED_AUTOS = YES_AGGRESSIVE;
				GCC_WARN_UNUSED_FUNCTION = YES;
				GCC_WARN_UNUSED_VARIABLE = YES;
				IPHONEOS_DEPLOYMENT_TARGET = 15.2;
				MTL_ENABLE_DEBUG_INFO = NO;
				MTL_FAST_MATH = YES;
				SDKROOT = iphoneos;
				SWIFT_COMPILATION_MODE = wholemodule;
				SWIFT_OPTIMIZATION_LEVEL = "-O";
				VALIDATE_PRODUCT = YES;
			};
			name = Release;
		};
		BEEBD00027B814810040842B /* Debug */ = {
			isa = XCBuildConfiguration;
			buildSettings = {
				ASSETCATALOG_COMPILER_APPICON_NAME = AppIcon;
				ASSETCATALOG_COMPILER_GLOBAL_ACCENT_COLOR_NAME = AccentColor;
				CODE_SIGN_STYLE = Automatic;
				CURRENT_PROJECT_VERSION = 1;
				DEVELOPMENT_ASSET_PATHS = "\"ColapsableHeader/Preview Content\"";
				ENABLE_PREVIEWS = YES;
				GENERATE_INFOPLIST_FILE = YES;
				INFOPLIST_KEY_UIApplicationSceneManifest_Generation = YES;
				INFOPLIST_KEY_UIApplicationSupportsIndirectInputEvents = YES;
				INFOPLIST_KEY_UILaunchScreen_Generation = YES;
				INFOPLIST_KEY_UISupportedInterfaceOrientations_iPad = "UIInterfaceOrientationPortrait UIInterfaceOrientationPortraitUpsideDown UIInterfaceOrientationLandscapeLeft UIInterfaceOrientationLandscapeRight";
				INFOPLIST_KEY_UISupportedInterfaceOrientations_iPhone = "UIInterfaceOrientationPortrait UIInterfaceOrientationLandscapeLeft UIInterfaceOrientationLandscapeRight";
				LD_RUNPATH_SEARCH_PATHS = (
					"$(inherited)",
					"@executable_path/Frameworks",
				);
				MARKETING_VERSION = 1.0;
				PRODUCT_BUNDLE_IDENTIFIER = com.shehan.ColapsableHeader;
				PRODUCT_NAME = "$(TARGET_NAME)";
				SWIFT_EMIT_LOC_STRINGS = YES;
				SWIFT_VERSION = 5.0;
				TARGETED_DEVICE_FAMILY = "1,2";
			};
			name = Debug;
		};
		BEEBD00127B814810040842B /* Release */ = {
			isa = XCBuildConfiguration;
			buildSettings = {
				ASSETCATALOG_COMPILER_APPICON_NAME = AppIcon;
				ASSETCATALOG_COMPILER_GLOBAL_ACCENT_COLOR_NAME = AccentColor;
				CODE_SIGN_STYLE = Automatic;
				CURRENT_PROJECT_VERSION = 1;
				DEVELOPMENT_ASSET_PATHS = "\"ColapsableHeader/Preview Content\"";
				ENABLE_PREVIEWS = YES;
				GENERATE_INFOPLIST_FILE = YES;
				INFOPLIST_KEY_UIApplicationSceneManifest_Generation = YES;
				INFOPLIST_KEY_UIApplicationSupportsIndirectInputEvents = YES;
				INFOPLIST_KEY_UILaunchScreen_Generation = YES;
				INFOPLIST_KEY_UISupportedInterfaceOrientations_iPad = "UIInterfaceOrientationPortrait UIInterfaceOrientationPortraitUpsideDown UIInterfaceOrientationLandscapeLeft UIInterfaceOrientationLandscapeRight";
				INFOPLIST_KEY_UISupportedInterfaceOrientations_iPhone = "UIInterfaceOrientationPortrait UIInterfaceOrientationLandscapeLeft UIInterfaceOrientationLandscapeRight";
				LD_RUNPATH_SEARCH_PATHS = (
					"$(inherited)",
					"@executable_path/Frameworks",
				);
				MARKETING_VERSION = 1.0;
				PRODUCT_BUNDLE_IDENTIFIER = com.shehan.ColapsableHeader;
				PRODUCT_NAME = "$(TARGET_NAME)";
				SWIFT_EMIT_LOC_STRINGS = YES;
				SWIFT_VERSION = 5.0;
				TARGETED_DEVICE_FAMILY = "1,2";
			};
			name = Release;
		};
/* End XCBuildConfiguration section */

/* Begin XCConfigurationList section */
		BEEBCFEC27B8147E0040842B /* Build configuration list for PBXProject "ColapsableHeader" */ = {
			isa = XCConfigurationList;
			buildConfigurations = (
				BEEBCFFD27B814810040842B /* Debug */,
				BEEBCFFE27B814810040842B /* Release */,
			);
			defaultConfigurationIsVisible = 0;
			defaultConfigurationName = Release;
		};
		BEEBCFFF27B814810040842B /* Build configuration list for PBXNativeTarget "ColapsableHeader" */ = {
			isa = XCConfigurationList;
			buildConfigurations = (
				BEEBD00027B814810040842B /* Debug */,
				BEEBD00127B814810040842B /* Release */,
			);
			defaultConfigurationIsVisible = 0;
			defaultConfigurationName = Release;
		};
/* End XCConfigurationList section */
	};
	rootObject = BEEBCFE927B8147E0040842B /* Project object */;
}
